// !$*UTF8*$!
{
	archiveVersion = 1;
	classes = {
	};
	objectVersion = 56;
	objects = {

/* Begin PBXBuildFile section */
		45067ADE2BD3D21700B85540 /* EarthquakesTests.swift in Sources */ = {isa = PBXBuildFile; fileRef = 45067ADD2BD3D21700B85540 /* EarthquakesTests.swift */; };
		45067AE72BD3F74000B85540 /* GeoJSON.swift in Sources */ = {isa = PBXBuildFile; fileRef = 45067AE62BD3F74000B85540 /* GeoJSON.swift */; };
		451CB1DF2BD26EBE00F04E28 /* EarthquakesApp.swift in Sources */ = {isa = PBXBuildFile; fileRef = 451CB1DE2BD26EBE00F04E28 /* EarthquakesApp.swift */; };
		451CB1E12BD26EBE00F04E28 /* QuakesView.swift in Sources */ = {isa = PBXBuildFile; fileRef = 451CB1E02BD26EBE00F04E28 /* QuakesView.swift */; };
		451CB1E32BD26EC000F04E28 /* Assets.xcassets in Resources */ = {isa = PBXBuildFile; fileRef = 451CB1E22BD26EC000F04E28 /* Assets.xcassets */; };
		451CB1E62BD26EC000F04E28 /* Preview Assets.xcassets in Resources */ = {isa = PBXBuildFile; fileRef = 451CB1E52BD26EC000F04E28 /* Preview Assets.xcassets */; };
		451CB1ED2BD26EF800F04E28 /* Quake.swift in Sources */ = {isa = PBXBuildFile; fileRef = 451CB1EC2BD26EF800F04E28 /* Quake.swift */; };
		451CB1EF2BD26F6100F04E28 /* Quake+Color.swift in Sources */ = {isa = PBXBuildFile; fileRef = 451CB1EE2BD26F6100F04E28 /* Quake+Color.swift */; };
		456176C52BD272320076C5A0 /* QuakeMagnitude.swift in Sources */ = {isa = PBXBuildFile; fileRef = 456176C42BD272320076C5A0 /* QuakeMagnitude.swift */; };
		456176C72BD2731D0076C5A0 /* QuakeRow.swift in Sources */ = {isa = PBXBuildFile; fileRef = 456176C62BD2731D0076C5A0 /* QuakeRow.swift */; };
		456176CA2BD275A70076C5A0 /* DeleteButton.swift in Sources */ = {isa = PBXBuildFile; fileRef = 456176C92BD275A70076C5A0 /* DeleteButton.swift */; };
		456176CC2BD276260076C5A0 /* RefreshButton.swift in Sources */ = {isa = PBXBuildFile; fileRef = 456176CB2BD276260076C5A0 /* RefreshButton.swift */; };
		456176CE2BD276870076C5A0 /* SelectButton.swift in Sources */ = {isa = PBXBuildFile; fileRef = 456176CD2BD276870076C5A0 /* SelectButton.swift */; };
		456176D02BD277A40076C5A0 /* EditButton.swift in Sources */ = {isa = PBXBuildFile; fileRef = 456176CF2BD277A40076C5A0 /* EditButton.swift */; };
		456176D22BD2787E0076C5A0 /* ToolbarStatus.swift in Sources */ = {isa = PBXBuildFile; fileRef = 456176D12BD2787E0076C5A0 /* ToolbarStatus.swift */; };
		456176D42BD27A850076C5A0 /* Quakes+Toolbar.swift in Sources */ = {isa = PBXBuildFile; fileRef = 456176D32BD27A850076C5A0 /* Quakes+Toolbar.swift */; };
		456176D62BD3CD640076C5A0 /* QuakeError.swift in Sources */ = {isa = PBXBuildFile; fileRef = 456176D52BD3CD640076C5A0 /* QuakeError.swift */; };
		456350F32BD400F3002F848C /* QuakeLocation.swift in Sources */ = {isa = PBXBuildFile; fileRef = 456350F22BD400F3002F848C /* QuakeLocation.swift */; };
		456350F52BD56E7A002F848C /* QuakeClient.swift in Sources */ = {isa = PBXBuildFile; fileRef = 456350F42BD56E7A002F848C /* QuakeClient.swift */; };
		456350F62BD570A2002F848C /* TestData.swift in Sources */ = {isa = PBXBuildFile; fileRef = 45067AE42BD3D23C00B85540 /* TestData.swift */; };
		456350F82BD570D1002F848C /* TestDownloader.swift in Sources */ = {isa = PBXBuildFile; fileRef = 456350F72BD570D1002F848C /* TestDownloader.swift */; };
		456350FA2BD596C9002F848C /* QuakesProvider.swift in Sources */ = {isa = PBXBuildFile; fileRef = 456350F92BD596C9002F848C /* QuakesProvider.swift */; };
		456350FC2BD7FB66002F848C /* CacheEntryObject.swift in Sources */ = {isa = PBXBuildFile; fileRef = 456350FB2BD7FB66002F848C /* CacheEntryObject.swift */; };
		456350FE2BD7FBF7002F848C /* NSCahse+Subscript.swift in Sources */ = {isa = PBXBuildFile; fileRef = 456350FD2BD7FBF7002F848C /* NSCahse+Subscript.swift */; };
		45EB7B542BD5374F009506C1 /* HTTPDataDownloader.swift in Sources */ = {isa = PBXBuildFile; fileRef = 45EB7B532BD5374F009506C1 /* HTTPDataDownloader.swift */; };
/* End PBXBuildFile section */

/* Begin PBXContainerItemProxy section */
		45067ADF2BD3D21700B85540 /* PBXContainerItemProxy */ = {
			isa = PBXContainerItemProxy;
			containerPortal = 451CB1D32BD26EBE00F04E28 /* Project object */;
			proxyType = 1;
			remoteGlobalIDString = 451CB1DA2BD26EBE00F04E28;
			remoteInfo = Earthquakes;
		};
/* End PBXContainerItemProxy section */

/* Begin PBXFileReference section */
		45067ADB2BD3D21700B85540 /* EarthquakesTests.xctest */ = {isa = PBXFileReference; explicitFileType = wrapper.cfbundle; includeInIndex = 0; path = EarthquakesTests.xctest; sourceTree = BUILT_PRODUCTS_DIR; };
		45067ADD2BD3D21700B85540 /* EarthquakesTests.swift */ = {isa = PBXFileReference; lastKnownFileType = sourcecode.swift; path = EarthquakesTests.swift; sourceTree = "<group>"; };
		45067AE42BD3D23C00B85540 /* TestData.swift */ = {isa = PBXFileReference; lastKnownFileType = sourcecode.swift; path = TestData.swift; sourceTree = "<group>"; };
		45067AE62BD3F74000B85540 /* GeoJSON.swift */ = {isa = PBXFileReference; lastKnownFileType = sourcecode.swift; path = GeoJSON.swift; sourceTree = "<group>"; };
		451CB1DB2BD26EBE00F04E28 /* Earthquakes.app */ = {isa = PBXFileReference; explicitFileType = wrapper.application; includeInIndex = 0; path = Earthquakes.app; sourceTree = BUILT_PRODUCTS_DIR; };
		451CB1DE2BD26EBE00F04E28 /* EarthquakesApp.swift */ = {isa = PBXFileReference; lastKnownFileType = sourcecode.swift; path = EarthquakesApp.swift; sourceTree = "<group>"; };
		451CB1E02BD26EBE00F04E28 /* QuakesView.swift */ = {isa = PBXFileReference; lastKnownFileType = sourcecode.swift; path = QuakesView.swift; sourceTree = "<group>"; };
		451CB1E22BD26EC000F04E28 /* Assets.xcassets */ = {isa = PBXFileReference; lastKnownFileType = folder.assetcatalog; path = Assets.xcassets; sourceTree = "<group>"; };
		451CB1E52BD26EC000F04E28 /* Preview Assets.xcassets */ = {isa = PBXFileReference; lastKnownFileType = folder.assetcatalog; path = "Preview Assets.xcassets"; sourceTree = "<group>"; };
		451CB1EC2BD26EF800F04E28 /* Quake.swift */ = {isa = PBXFileReference; lastKnownFileType = sourcecode.swift; path = Quake.swift; sourceTree = "<group>"; };
		451CB1EE2BD26F6100F04E28 /* Quake+Color.swift */ = {isa = PBXFileReference; lastKnownFileType = sourcecode.swift; path = "Quake+Color.swift"; sourceTree = "<group>"; };
		456176C42BD272320076C5A0 /* QuakeMagnitude.swift */ = {isa = PBXFileReference; lastKnownFileType = sourcecode.swift; path = QuakeMagnitude.swift; sourceTree = "<group>"; };
		456176C62BD2731D0076C5A0 /* QuakeRow.swift */ = {isa = PBXFileReference; lastKnownFileType = sourcecode.swift; path = QuakeRow.swift; sourceTree = "<group>"; };
		456176C92BD275A70076C5A0 /* DeleteButton.swift */ = {isa = PBXFileReference; lastKnownFileType = sourcecode.swift; path = DeleteButton.swift; sourceTree = "<group>"; };
		456176CB2BD276260076C5A0 /* RefreshButton.swift */ = {isa = PBXFileReference; lastKnownFileType = sourcecode.swift; path = RefreshButton.swift; sourceTree = "<group>"; };
		456176CD2BD276870076C5A0 /* SelectButton.swift */ = {isa = PBXFileReference; lastKnownFileType = sourcecode.swift; path = SelectButton.swift; sourceTree = "<group>"; };
		456176CF2BD277A40076C5A0 /* EditButton.swift */ = {isa = PBXFileReference; lastKnownFileType = sourcecode.swift; path = EditButton.swift; sourceTree = "<group>"; };
		456176D12BD2787E0076C5A0 /* ToolbarStatus.swift */ = {isa = PBXFileReference; lastKnownFileType = sourcecode.swift; path = ToolbarStatus.swift; sourceTree = "<group>"; };
		456176D32BD27A850076C5A0 /* Quakes+Toolbar.swift */ = {isa = PBXFileReference; lastKnownFileType = sourcecode.swift; path = "Quakes+Toolbar.swift"; sourceTree = "<group>"; };
		456176D52BD3CD640076C5A0 /* QuakeError.swift */ = {isa = PBXFileReference; lastKnownFileType = sourcecode.swift; path = QuakeError.swift; sourceTree = "<group>"; };
		456350F22BD400F3002F848C /* QuakeLocation.swift */ = {isa = PBXFileReference; lastKnownFileType = sourcecode.swift; path = QuakeLocation.swift; sourceTree = "<group>"; };
		456350F42BD56E7A002F848C /* QuakeClient.swift */ = {isa = PBXFileReference; lastKnownFileType = sourcecode.swift; path = QuakeClient.swift; sourceTree = "<group>"; };
		456350F72BD570D1002F848C /* TestDownloader.swift */ = {isa = PBXFileReference; lastKnownFileType = sourcecode.swift; path = TestDownloader.swift; sourceTree = "<group>"; };
		456350F92BD596C9002F848C /* QuakesProvider.swift */ = {isa = PBXFileReference; lastKnownFileType = sourcecode.swift; path = QuakesProvider.swift; sourceTree = "<group>"; };
		456350FB2BD7FB66002F848C /* CacheEntryObject.swift */ = {isa = PBXFileReference; lastKnownFileType = sourcecode.swift; path = CacheEntryObject.swift; sourceTree = "<group>"; };
		456350FD2BD7FBF7002F848C /* NSCahse+Subscript.swift */ = {isa = PBXFileReference; lastKnownFileType = sourcecode.swift; path = "NSCahse+Subscript.swift"; sourceTree = "<group>"; };
		45EB7B532BD5374F009506C1 /* HTTPDataDownloader.swift */ = {isa = PBXFileReference; lastKnownFileType = sourcecode.swift; path = HTTPDataDownloader.swift; sourceTree = "<group>"; };
/* End PBXFileReference section */

/* Begin PBXFrameworksBuildPhase section */
		45067AD82BD3D21700B85540 /* Frameworks */ = {
			isa = PBXFrameworksBuildPhase;
			buildActionMask = 2147483647;
			files = (
			);
			runOnlyForDeploymentPostprocessing = 0;
		};
		451CB1D82BD26EBE00F04E28 /* Frameworks */ = {
			isa = PBXFrameworksBuildPhase;
			buildActionMask = 2147483647;
			files = (
			);
			runOnlyForDeploymentPostprocessing = 0;
		};
/* End PBXFrameworksBuildPhase section */

/* Begin PBXGroup section */
		45067ADC2BD3D21700B85540 /* EarthquakesTests */ = {
			isa = PBXGroup;
			children = (
				45067ADD2BD3D21700B85540 /* EarthquakesTests.swift */,
			);
			path = EarthquakesTests;
			sourceTree = "<group>";
		};
		451CB1D22BD26EBE00F04E28 = {
			isa = PBXGroup;
			children = (
				451CB1DD2BD26EBE00F04E28 /* Earthquakes */,
				45067ADC2BD3D21700B85540 /* EarthquakesTests */,
				451CB1DC2BD26EBE00F04E28 /* Products */,
			);
			sourceTree = "<group>";
		};
		451CB1DC2BD26EBE00F04E28 /* Products */ = {
			isa = PBXGroup;
			children = (
				451CB1DB2BD26EBE00F04E28 /* Earthquakes.app */,
				45067ADB2BD3D21700B85540 /* EarthquakesTests.xctest */,
			);
			name = Products;
			sourceTree = "<group>";
		};
		451CB1DD2BD26EBE00F04E28 /* Earthquakes */ = {
			isa = PBXGroup;
			children = (
				451CB1DE2BD26EBE00F04E28 /* EarthquakesApp.swift */,
				451CB1F02BD2706300F04E28 /* Models */,
				451CB1F12BD2708700F04E28 /* Views */,
				451CB1E22BD26EC000F04E28 /* Assets.xcassets */,
				451CB1E42BD26EC000F04E28 /* Preview Content */,
			);
			path = Earthquakes;
			sourceTree = "<group>";
		};
		451CB1E42BD26EC000F04E28 /* Preview Content */ = {
			isa = PBXGroup;
			children = (
				451CB1E52BD26EC000F04E28 /* Preview Assets.xcassets */,
				45067AE42BD3D23C00B85540 /* TestData.swift */,
				456350F72BD570D1002F848C /* TestDownloader.swift */,
			);
			path = "Preview Content";
			sourceTree = "<group>";
		};
		451CB1F02BD2706300F04E28 /* Models */ = {
			isa = PBXGroup;
			children = (
				45067AE62BD3F74000B85540 /* GeoJSON.swift */,
				451CB1EC2BD26EF800F04E28 /* Quake.swift */,
				451CB1EE2BD26F6100F04E28 /* Quake+Color.swift */,
				456176D52BD3CD640076C5A0 /* QuakeError.swift */,
				456350F22BD400F3002F848C /* QuakeLocation.swift */,
				45EB7B552BD53756009506C1 /* Network */,
			);
			path = Models;
			sourceTree = "<group>";
		};
		451CB1F12BD2708700F04E28 /* Views */ = {
			isa = PBXGroup;
			children = (
				451CB1E02BD26EBE00F04E28 /* QuakesView.swift */,
				456176C62BD2731D0076C5A0 /* QuakeRow.swift */,
				456176C42BD272320076C5A0 /* QuakeMagnitude.swift */,
				456176C82BD275910076C5A0 /* ToolbarContent */,
			);
			path = Views;
			sourceTree = "<group>";
		};
		456176C82BD275910076C5A0 /* ToolbarContent */ = {
			isa = PBXGroup;
			children = (
				456176D32BD27A850076C5A0 /* Quakes+Toolbar.swift */,
				456176CD2BD276870076C5A0 /* SelectButton.swift */,
				456176CF2BD277A40076C5A0 /* EditButton.swift */,
				456176CB2BD276260076C5A0 /* RefreshButton.swift */,
				456176D12BD2787E0076C5A0 /* ToolbarStatus.swift */,
				456176C92BD275A70076C5A0 /* DeleteButton.swift */,
			);
			path = ToolbarContent;
			sourceTree = "<group>";
		};
		45EB7B552BD53756009506C1 /* Network */ = {
			isa = PBXGroup;
			children = (
				45EB7B532BD5374F009506C1 /* HTTPDataDownloader.swift */,
				456350F92BD596C9002F848C /* QuakesProvider.swift */,
				456350F42BD56E7A002F848C /* QuakeClient.swift */,
				456350FB2BD7FB66002F848C /* CacheEntryObject.swift */,
				456350FD2BD7FBF7002F848C /* NSCahse+Subscript.swift */,
			);
			path = Network;
			sourceTree = "<group>";
		};
/* End PBXGroup section */

/* Begin PBXNativeTarget section */
		45067ADA2BD3D21700B85540 /* EarthquakesTests */ = {
			isa = PBXNativeTarget;
			buildConfigurationList = 45067AE32BD3D21700B85540 /* Build configuration list for PBXNativeTarget "EarthquakesTests" */;
			buildPhases = (
				45067AD72BD3D21700B85540 /* Sources */,
				45067AD82BD3D21700B85540 /* Frameworks */,
				45067AD92BD3D21700B85540 /* Resources */,
			);
			buildRules = (
			);
			dependencies = (
				45067AE02BD3D21700B85540 /* PBXTargetDependency */,
			);
			name = EarthquakesTests;
			productName = EarthquakesTests;
			productReference = 45067ADB2BD3D21700B85540 /* EarthquakesTests.xctest */;
			productType = "com.apple.product-type.bundle.unit-test";
		};
		451CB1DA2BD26EBE00F04E28 /* Earthquakes */ = {
			isa = PBXNativeTarget;
			buildConfigurationList = 451CB1E92BD26EC000F04E28 /* Build configuration list for PBXNativeTarget "Earthquakes" */;
			buildPhases = (
				451CB1D72BD26EBE00F04E28 /* Sources */,
				451CB1D82BD26EBE00F04E28 /* Frameworks */,
				451CB1D92BD26EBE00F04E28 /* Resources */,
			);
			buildRules = (
			);
			dependencies = (
			);
			name = Earthquakes;
			productName = Earthquakes;
			productReference = 451CB1DB2BD26EBE00F04E28 /* Earthquakes.app */;
			productType = "com.apple.product-type.application";
		};
/* End PBXNativeTarget section */

/* Begin PBXProject section */
		451CB1D32BD26EBE00F04E28 /* Project object */ = {
			isa = PBXProject;
			attributes = {
				BuildIndependentTargetsInParallel = 1;
				LastSwiftUpdateCheck = 1530;
				LastUpgradeCheck = 1530;
				TargetAttributes = {
					45067ADA2BD3D21700B85540 = {
						CreatedOnToolsVersion = 15.3;
						TestTargetID = 451CB1DA2BD26EBE00F04E28;
					};
					451CB1DA2BD26EBE00F04E28 = {
						CreatedOnToolsVersion = 15.3;
					};
				};
			};
			buildConfigurationList = 451CB1D62BD26EBE00F04E28 /* Build configuration list for PBXProject "Earthquakes" */;
			compatibilityVersion = "Xcode 14.0";
			developmentRegion = en;
			hasScannedForEncodings = 0;
			knownRegions = (
				en,
				Base,
			);
			mainGroup = 451CB1D22BD26EBE00F04E28;
			productRefGroup = 451CB1DC2BD26EBE00F04E28 /* Products */;
			projectDirPath = "";
			projectRoot = "";
			targets = (
				451CB1DA2BD26EBE00F04E28 /* Earthquakes */,
				45067ADA2BD3D21700B85540 /* EarthquakesTests */,
			);
		};
/* End PBXProject section */

/* Begin PBXResourcesBuildPhase section */
		45067AD92BD3D21700B85540 /* Resources */ = {
			isa = PBXResourcesBuildPhase;
			buildActionMask = 2147483647;
			files = (
			);
			runOnlyForDeploymentPostprocessing = 0;
		};
		451CB1D92BD26EBE00F04E28 /* Resources */ = {
			isa = PBXResourcesBuildPhase;
			buildActionMask = 2147483647;
			files = (
				451CB1E62BD26EC000F04E28 /* Preview Assets.xcassets in Resources */,
				451CB1E32BD26EC000F04E28 /* Assets.xcassets in Resources */,
			);
			runOnlyForDeploymentPostprocessing = 0;
		};
/* End PBXResourcesBuildPhase section */

/* Begin PBXSourcesBuildPhase section */
		45067AD72BD3D21700B85540 /* Sources */ = {
			isa = PBXSourcesBuildPhase;
			buildActionMask = 2147483647;
			files = (
				45067ADE2BD3D21700B85540 /* EarthquakesTests.swift in Sources */,
			);
			runOnlyForDeploymentPostprocessing = 0;
		};
		451CB1D72BD26EBE00F04E28 /* Sources */ = {
			isa = PBXSourcesBuildPhase;
			buildActionMask = 2147483647;
			files = (
				456176CE2BD276870076C5A0 /* SelectButton.swift in Sources */,
				456176C52BD272320076C5A0 /* QuakeMagnitude.swift in Sources */,
				456176CC2BD276260076C5A0 /* RefreshButton.swift in Sources */,
				45067AE72BD3F74000B85540 /* GeoJSON.swift in Sources */,
				451CB1E12BD26EBE00F04E28 /* QuakesView.swift in Sources */,
				451CB1EF2BD26F6100F04E28 /* Quake+Color.swift in Sources */,
				456176D02BD277A40076C5A0 /* EditButton.swift in Sources */,
				456350FC2BD7FB66002F848C /* CacheEntryObject.swift in Sources */,
				456176D22BD2787E0076C5A0 /* ToolbarStatus.swift in Sources */,
				456350FA2BD596C9002F848C /* QuakesProvider.swift in Sources */,
				451CB1ED2BD26EF800F04E28 /* Quake.swift in Sources */,
				456350F62BD570A2002F848C /* TestData.swift in Sources */,
				456176CA2BD275A70076C5A0 /* DeleteButton.swift in Sources */,
				456176D62BD3CD640076C5A0 /* QuakeError.swift in Sources */,
				456350F32BD400F3002F848C /* QuakeLocation.swift in Sources */,
				456350FE2BD7FBF7002F848C /* NSCahse+Subscript.swift in Sources */,
				45EB7B542BD5374F009506C1 /* HTTPDataDownloader.swift in Sources */,
				456176C72BD2731D0076C5A0 /* QuakeRow.swift in Sources */,
				456350F52BD56E7A002F848C /* QuakeClient.swift in Sources */,
				451CB1DF2BD26EBE00F04E28 /* EarthquakesApp.swift in Sources */,
				456350F82BD570D1002F848C /* TestDownloader.swift in Sources */,
				456176D42BD27A850076C5A0 /* Quakes+Toolbar.swift in Sources */,
			);
			runOnlyForDeploymentPostprocessing = 0;
		};
/* End PBXSourcesBuildPhase section */

/* Begin PBXTargetDependency section */
		45067AE02BD3D21700B85540 /* PBXTargetDependency */ = {
			isa = PBXTargetDependency;
			target = 451CB1DA2BD26EBE00F04E28 /* Earthquakes */;
			targetProxy = 45067ADF2BD3D21700B85540 /* PBXContainerItemProxy */;
		};
/* End PBXTargetDependency section */

/* Begin XCBuildConfiguration section */
		45067AE12BD3D21700B85540 /* Debug */ = {
			isa = XCBuildConfiguration;
			buildSettings = {
				BUNDLE_LOADER = "$(TEST_HOST)";
				CODE_SIGN_STYLE = Automatic;
				CURRENT_PROJECT_VERSION = 1;
				DEVELOPMENT_TEAM = 746F3SRK24;
				GENERATE_INFOPLIST_FILE = YES;
				MARKETING_VERSION = 1.0;
				PRODUCT_BUNDLE_IDENTIFIER = com.orisraeli.EarthquakesTests;
				PRODUCT_NAME = "$(TARGET_NAME)";
				SWIFT_EMIT_LOC_STRINGS = NO;
				SWIFT_VERSION = 5.0;
				TARGETED_DEVICE_FAMILY = "1,2";
				TEST_HOST = "$(BUILT_PRODUCTS_DIR)/Earthquakes.app/$(BUNDLE_EXECUTABLE_FOLDER_PATH)/Earthquakes";
			};
			name = Debug;
		};
		45067AE22BD3D21700B85540 /* Release */ = {
			isa = XCBuildConfiguration;
			buildSettings = {
				BUNDLE_LOADER = "$(TEST_HOST)";
				CODE_SIGN_STYLE = Automatic;
				CURRENT_PROJECT_VERSION = 1;
				DEVELOPMENT_TEAM = 746F3SRK24;
				GENERATE_INFOPLIST_FILE = YES;
				MARKETING_VERSION = 1.0;
				PRODUCT_BUNDLE_IDENTIFIER = com.orisraeli.EarthquakesTests;
				PRODUCT_NAME = "$(TARGET_NAME)";
				SWIFT_EMIT_LOC_STRINGS = NO;
				SWIFT_VERSION = 5.0;
				TARGETED_DEVICE_FAMILY = "1,2";
				TEST_HOST = "$(BUILT_PRODUCTS_DIR)/Earthquakes.app/$(BUNDLE_EXECUTABLE_FOLDER_PATH)/Earthquakes";
			};
			name = Release;
		};
		451CB1E72BD26EC000F04E28 /* Debug */ = {
			isa = XCBuildConfiguration;
			buildSettings = {
				ALWAYS_SEARCH_USER_PATHS = NO;
				ASSETCATALOG_COMPILER_GENERATE_SWIFT_ASSET_SYMBOL_EXTENSIONS = YES;
				CLANG_ANALYZER_NONNULL = YES;
				CLANG_ANALYZER_NUMBER_OBJECT_CONVERSION = YES_AGGRESSIVE;
				CLANG_CXX_LANGUAGE_STANDARD = "gnu++20";
				CLANG_ENABLE_MODULES = YES;
				CLANG_ENABLE_OBJC_ARC = YES;
				CLANG_ENABLE_OBJC_WEAK = YES;
				CLANG_WARN_BLOCK_CAPTURE_AUTORELEASING = YES;
				CLANG_WARN_BOOL_CONVERSION = YES;
				CLANG_WARN_COMMA = YES;
				CLANG_WARN_CONSTANT_CONVERSION = YES;
				CLANG_WARN_DEPRECATED_OBJC_IMPLEMENTATIONS = YES;
				CLANG_WARN_DIRECT_OBJC_ISA_USAGE = YES_ERROR;
				CLANG_WARN_DOCUMENTATION_COMMENTS = YES;
				CLANG_WARN_EMPTY_BODY = YES;
				CLANG_WARN_ENUM_CONVERSION = YES;
				CLANG_WARN_INFINITE_RECURSION = YES;
				CLANG_WARN_INT_CONVERSION = YES;
				CLANG_WARN_NON_LITERAL_NULL_CONVERSION = YES;
				CLANG_WARN_OBJC_IMPLICIT_RETAIN_SELF = YES;
				CLANG_WARN_OBJC_LITERAL_CONVERSION = YES;
				CLANG_WARN_OBJC_ROOT_CLASS = YES_ERROR;
				CLANG_WARN_QUOTED_INCLUDE_IN_FRAMEWORK_HEADER = YES;
				CLANG_WARN_RANGE_LOOP_ANALYSIS = YES;
				CLANG_WARN_STRICT_PROTOTYPES = YES;
				CLANG_WARN_SUSPICIOUS_MOVE = YES;
				CLANG_WARN_UNGUARDED_AVAILABILITY = YES_AGGRESSIVE;
				CLANG_WARN_UNREACHABLE_CODE = YES;
				CLANG_WARN__DUPLICATE_METHOD_MATCH = YES;
				COPY_PHASE_STRIP = NO;
				DEBUG_INFORMATION_FORMAT = dwarf;
				ENABLE_STRICT_OBJC_MSGSEND = YES;
				ENABLE_TESTABILITY = YES;
				ENABLE_USER_SCRIPT_SANDBOXING = YES;
				GCC_C_LANGUAGE_STANDARD = gnu17;
				GCC_DYNAMIC_NO_PIC = NO;
				GCC_NO_COMMON_BLOCKS = YES;
				GCC_OPTIMIZATION_LEVEL = 0;
				GCC_PREPROCESSOR_DEFINITIONS = (
					"DEBUG=1",
					"$(inherited)",
				);
				GCC_WARN_64_TO_32_BIT_CONVERSION = YES;
				GCC_WARN_ABOUT_RETURN_TYPE = YES_ERROR;
				GCC_WARN_UNDECLARED_SELECTOR = YES;
				GCC_WARN_UNINITIALIZED_AUTOS = YES_AGGRESSIVE;
				GCC_WARN_UNUSED_FUNCTION = YES;
				GCC_WARN_UNUSED_VARIABLE = YES;
				IPHONEOS_DEPLOYMENT_TARGET = 17.4;
				LOCALIZATION_PREFERS_STRING_CATALOGS = YES;
				MTL_ENABLE_DEBUG_INFO = INCLUDE_SOURCE;
				MTL_FAST_MATH = YES;
				ONLY_ACTIVE_ARCH = YES;
				SDKROOT = iphoneos;
				SWIFT_ACTIVE_COMPILATION_CONDITIONS = "DEBUG $(inherited)";
				SWIFT_OPTIMIZATION_LEVEL = "-Onone";
			};
			name = Debug;
		};
		451CB1E82BD26EC000F04E28 /* Release */ = {
			isa = XCBuildConfiguration;
			buildSettings = {
				ALWAYS_SEARCH_USER_PATHS = NO;
				ASSETCATALOG_COMPILER_GENERATE_SWIFT_ASSET_SYMBOL_EXTENSIONS = YES;
				CLANG_ANALYZER_NONNULL = YES;
				CLANG_ANALYZER_NUMBER_OBJECT_CONVERSION = YES_AGGRESSIVE;
				CLANG_CXX_LANGUAGE_STANDARD = "gnu++20";
				CLANG_ENABLE_MODULES = YES;
				CLANG_ENABLE_OBJC_ARC = YES;
				CLANG_ENABLE_OBJC_WEAK = YES;
				CLANG_WARN_BLOCK_CAPTURE_AUTORELEASING = YES;
				CLANG_WARN_BOOL_CONVERSION = YES;
				CLANG_WARN_COMMA = YES;
				CLANG_WARN_CONSTANT_CONVERSION = YES;
				CLANG_WARN_DEPRECATED_OBJC_IMPLEMENTATIONS = YES;
				CLANG_WARN_DIRECT_OBJC_ISA_USAGE = YES_ERROR;
				CLANG_WARN_DOCUMENTATION_COMMENTS = YES;
				CLANG_WARN_EMPTY_BODY = YES;
				CLANG_WARN_ENUM_CONVERSION = YES;
				CLANG_WARN_INFINITE_RECURSION = YES;
				CLANG_WARN_INT_CONVERSION = YES;
				CLANG_WARN_NON_LITERAL_NULL_CONVERSION = YES;
				CLANG_WARN_OBJC_IMPLICIT_RETAIN_SELF = YES;
				CLANG_WARN_OBJC_LITERAL_CONVERSION = YES;
				CLANG_WARN_OBJC_ROOT_CLASS = YES_ERROR;
				CLANG_WARN_QUOTED_INCLUDE_IN_FRAMEWORK_HEADER = YES;
				CLANG_WARN_RANGE_LOOP_ANALYSIS = YES;
				CLANG_WARN_STRICT_PROTOTYPES = YES;
				CLANG_WARN_SUSPICIOUS_MOVE = YES;
				CLANG_WARN_UNGUARDED_AVAILABILITY = YES_AGGRESSIVE;
				CLANG_WARN_UNREACHABLE_CODE = YES;
				CLANG_WARN__DUPLICATE_METHOD_MATCH = YES;
				COPY_PHASE_STRIP = NO;
				DEBUG_INFORMATION_FORMAT = "dwarf-with-dsym";
				ENABLE_NS_ASSERTIONS = NO;
				ENABLE_STRICT_OBJC_MSGSEND = YES;
				ENABLE_USER_SCRIPT_SANDBOXING = YES;
				GCC_C_LANGUAGE_STANDARD = gnu17;
				GCC_NO_COMMON_BLOCKS = YES;
				GCC_WARN_64_TO_32_BIT_CONVERSION = YES;
				GCC_WARN_ABOUT_RETURN_TYPE = YES_ERROR;
				GCC_WARN_UNDECLARED_SELECTOR = YES;
				GCC_WARN_UNINITIALIZED_AUTOS = YES_AGGRESSIVE;
				GCC_WARN_UNUSED_FUNCTION = YES;
				GCC_WARN_UNUSED_VARIABLE = YES;
				IPHONEOS_DEPLOYMENT_TARGET = 17.4;
				LOCALIZATION_PREFERS_STRING_CATALOGS = YES;
				MTL_ENABLE_DEBUG_INFO = NO;
				MTL_FAST_MATH = YES;
				SDKROOT = iphoneos;
				SWIFT_COMPILATION_MODE = wholemodule;
				VALIDATE_PRODUCT = YES;
			};
			name = Release;
		};
		451CB1EA2BD26EC000F04E28 /* Debug */ = {
			isa = XCBuildConfiguration;
			buildSettings = {
				ASSETCATALOG_COMPILER_APPICON_NAME = AppIcon;
				ASSETCATALOG_COMPILER_GLOBAL_ACCENT_COLOR_NAME = AccentColor;
				CODE_SIGN_STYLE = Automatic;
				CURRENT_PROJECT_VERSION = 1;
				DEVELOPMENT_ASSET_PATHS = "\"Earthquakes/Preview Content\"";
				DEVELOPMENT_TEAM = 746F3SRK24;
				ENABLE_PREVIEWS = YES;
				GENERATE_INFOPLIST_FILE = YES;
				INFOPLIST_KEY_UIApplicationSceneManifest_Generation = YES;
				INFOPLIST_KEY_UIApplicationSupportsIndirectInputEvents = YES;
				INFOPLIST_KEY_UILaunchScreen_Generation = YES;
				INFOPLIST_KEY_UISupportedInterfaceOrientations_iPad = "UIInterfaceOrientationPortrait UIInterfaceOrientationPortraitUpsideDown UIInterfaceOrientationLandscapeLeft UIInterfaceOrientationLandscapeRight";
				INFOPLIST_KEY_UISupportedInterfaceOrientations_iPhone = "UIInterfaceOrientationPortrait UIInterfaceOrientationLandscapeLeft UIInterfaceOrientationLandscapeRight";
				LD_RUNPATH_SEARCH_PATHS = (
					"$(inherited)",
					"@executable_path/Frameworks",
				);
				MARKETING_VERSION = 1.0;
				PRODUCT_BUNDLE_IDENTIFIER = com.orisraeli.Earthquakes;
				PRODUCT_NAME = "$(TARGET_NAME)";
				SWIFT_EMIT_LOC_STRINGS = YES;
				SWIFT_VERSION = 5.0;
				TARGETED_DEVICE_FAMILY = "1,2";
			};
			name = Debug;
		};
		451CB1EB2BD26EC000F04E28 /* Release */ = {
			isa = XCBuildConfiguration;
			buildSettings = {
				ASSETCATALOG_COMPILER_APPICON_NAME = AppIcon;
				ASSETCATALOG_COMPILER_GLOBAL_ACCENT_COLOR_NAME = AccentColor;
				CODE_SIGN_STYLE = Automatic;
				CURRENT_PROJECT_VERSION = 1;
				DEVELOPMENT_ASSET_PATHS = "\"Earthquakes/Preview Content\"";
				DEVELOPMENT_TEAM = 746F3SRK24;
				ENABLE_PREVIEWS = YES;
				GENERATE_INFOPLIST_FILE = YES;
				INFOPLIST_KEY_UIApplicationSceneManifest_Generation = YES;
				INFOPLIST_KEY_UIApplicationSupportsIndirectInputEvents = YES;
				INFOPLIST_KEY_UILaunchScreen_Generation = YES;
				INFOPLIST_KEY_UISupportedInterfaceOrientations_iPad = "UIInterfaceOrientationPortrait UIInterfaceOrientationPortraitUpsideDown UIInterfaceOrientationLandscapeLeft UIInterfaceOrientationLandscapeRight";
				INFOPLIST_KEY_UISupportedInterfaceOrientations_iPhone = "UIInterfaceOrientationPortrait UIInterfaceOrientationLandscapeLeft UIInterfaceOrientationLandscapeRight";
				LD_RUNPATH_SEARCH_PATHS = (
					"$(inherited)",
					"@executable_path/Frameworks",
				);
				MARKETING_VERSION = 1.0;
				PRODUCT_BUNDLE_IDENTIFIER = com.orisraeli.Earthquakes;
				PRODUCT_NAME = "$(TARGET_NAME)";
				SWIFT_EMIT_LOC_STRINGS = YES;
				SWIFT_VERSION = 5.0;
				TARGETED_DEVICE_FAMILY = "1,2";
			};
			name = Release;
		};
/* End XCBuildConfiguration section */

/* Begin XCConfigurationList section */
		45067AE32BD3D21700B85540 /* Build configuration list for PBXNativeTarget "EarthquakesTests" */ = {
			isa = XCConfigurationList;
			buildConfigurations = (
				45067AE12BD3D21700B85540 /* Debug */,
				45067AE22BD3D21700B85540 /* Release */,
			);
			defaultConfigurationIsVisible = 0;
			defaultConfigurationName = Release;
		};
		451CB1D62BD26EBE00F04E28 /* Build configuration list for PBXProject "Earthquakes" */ = {
			isa = XCConfigurationList;
			buildConfigurations = (
				451CB1E72BD26EC000F04E28 /* Debug */,
				451CB1E82BD26EC000F04E28 /* Release */,
			);
			defaultConfigurationIsVisible = 0;
			defaultConfigurationName = Release;
		};
		451CB1E92BD26EC000F04E28 /* Build configuration list for PBXNativeTarget "Earthquakes" */ = {
			isa = XCConfigurationList;
			buildConfigurations = (
				451CB1EA2BD26EC000F04E28 /* Debug */,
				451CB1EB2BD26EC000F04E28 /* Release */,
			);
			defaultConfigurationIsVisible = 0;
			defaultConfigurationName = Release;
		};
/* End XCConfigurationList section */
	};
	rootObject = 451CB1D32BD26EBE00F04E28 /* Project object */;
}
